// !$*UTF8*$!
{
	archiveVersion = 1;
	classes = {
	};
	objectVersion = 46;
	objects = {

/* Begin PBXBuildFile section */
		33D2DF5F1D333CAD00783452 /* AppDelegate.swift in Sources */ = {isa = PBXBuildFile; fileRef = 33D2DF5E1D333CAD00783452 /* AppDelegate.swift */; };
		33D2DF611D333CAD00783452 /* ViewController.swift in Sources */ = {isa = PBXBuildFile; fileRef = 33D2DF601D333CAD00783452 /* ViewController.swift */; };
		33D2DF631D333CAD00783452 /* Assets.xcassets in Resources */ = {isa = PBXBuildFile; fileRef = 33D2DF621D333CAD00783452 /* Assets.xcassets */; };
		33D2DF661D333CAD00783452 /* Main.storyboard in Resources */ = {isa = PBXBuildFile; fileRef = 33D2DF641D333CAD00783452 /* Main.storyboard */; };
/* End PBXBuildFile section */

/* Begin PBXFileReference section */
		33D2DF5B1D333CAD00783452 /* UsbBootIn.app */ = {isa = PBXFileReference; explicitFileType = wrapper.application; includeInIndex = 0; path = UsbBootIn.app; sourceTree = BUILT_PRODUCTS_DIR; };
		33D2DF5E1D333CAD00783452 /* AppDelegate.swift */ = {isa = PBXFileReference; lastKnownFileType = sourcecode.swift; path = AppDelegate.swift; sourceTree = "<group>"; };
		33D2DF601D333CAD00783452 /* ViewController.swift */ = {isa = PBXFileReference; lastKnownFileType = sourcecode.swift; path = ViewController.swift; sourceTree = "<group>"; };
		33D2DF621D333CAD00783452 /* Assets.xcassets */ = {isa = PBXFileReference; lastKnownFileType = folder.assetcatalog; path = Assets.xcassets; sourceTree = "<group>"; };
		33D2DF651D333CAD00783452 /* Base */ = {isa = PBXFileReference; lastKnownFileType = file.storyboard; name = Base; path = Base.lproj/Main.storyboard; sourceTree = "<group>"; };
		33D2DF671D333CAD00783452 /* Info.plist */ = {isa = PBXFileReference; lastKnownFileType = text.plist.xml; path = Info.plist; sourceTree = "<group>"; };
/* End PBXFileReference section */

/* Begin PBXFrameworksBuildPhase section */
		33D2DF581D333CAD00783452 /* Frameworks */ = {
			isa = PBXFrameworksBuildPhase;
			buildActionMask = 2147483647;
			files = (
			);
			runOnlyForDeploymentPostprocessing = 0;
		};
/* End PBXFrameworksBuildPhase section */

/* Begin PBXGroup section */
		33D2DF521D333CAD00783452 = {
			isa = PBXGroup;
			children = (
				33D2DF5D1D333CAD00783452 /* UsbBootIn */,
				33D2DF5C1D333CAD00783452 /* Products */,
			);
			sourceTree = "<group>";
		};
		33D2DF5C1D333CAD00783452 /* Products */ = {
			isa = PBXGroup;
			children = (
				33D2DF5B1D333CAD00783452 /* UsbBootIn.app */,
			);
			name = Products;
			sourceTree = "<group>";
		};
		33D2DF5D1D333CAD00783452 /* UsbBootIn */ = {
			isa = PBXGroup;
			children = (
				33D2DF5E1D333CAD00783452 /* AppDelegate.swift */,
				33D2DF601D333CAD00783452 /* ViewController.swift */,
				33D2DF621D333CAD00783452 /* Assets.xcassets */,
				33D2DF641D333CAD00783452 /* Main.storyboard */,
				33D2DF671D333CAD00783452 /* Info.plist */,
			);
			path = UsbBootIn;
			sourceTree = "<group>";
		};
/* End PBXGroup section */

/* Begin PBXNativeTarget section */
		33D2DF5A1D333CAD00783452 /* UsbBootIn */ = {
			isa = PBXNativeTarget;
			buildConfigurationList = 33D2DF6A1D333CAD00783452 /* Build configuration list for PBXNativeTarget "UsbBootIn" */;
			buildPhases = (
				33D2DF571D333CAD00783452 /* Sources */,
				33D2DF581D333CAD00783452 /* Frameworks */,
				33D2DF591D333CAD00783452 /* Resources */,
			);
			buildRules = (
			);
			dependencies = (
			);
			name = UsbBootIn;
			productName = UsbBootIn;
			productReference = 33D2DF5B1D333CAD00783452 /* UsbBootIn.app */;
			productType = "com.apple.product-type.application";
		};
/* End PBXNativeTarget section */

/* Begin PBXProject section */
		33D2DF531D333CAD00783452 /* Project object */ = {
			isa = PBXProject;
			attributes = {
				LastSwiftUpdateCheck = 0730;
				LastUpgradeCheck = 0730;
				ORGANIZATIONNAME = "Trae Moore";
				TargetAttributes = {
					33D2DF5A1D333CAD00783452 = {
						CreatedOnToolsVersion = 7.3.1;
					};
				};
			};
			buildConfigurationList = 33D2DF561D333CAD00783452 /* Build configuration list for PBXProject "UsbBootIn" */;
			compatibilityVersion = "Xcode 3.2";
			developmentRegion = English;
			hasScannedForEncodings = 0;
			knownRegions = (
				en,
				Base,
			);
			mainGroup = 33D2DF521D333CAD00783452;
			productRefGroup = 33D2DF5C1D333CAD00783452 /* Products */;
			projectDirPath = "";
			projectRoot = "";
			targets = (
				33D2DF5A1D333CAD00783452 /* UsbBootIn */,
			);
		};
/* End PBXProject section */

/* Begin PBXResourcesBuildPhase section */
		33D2DF591D333CAD00783452 /* Resources */ = {
			isa = PBXResourcesBuildPhase;
			buildActionMask = 2147483647;
			files = (
				33D2DF631D333CAD00783452 /* Assets.xcassets in Resources */,
				33D2DF661D333CAD00783452 /* Main.storyboard in Resources */,
			);
			runOnlyForDeploymentPostprocessing = 0;
		};
/* End PBXResourcesBuildPhase section */

/* Begin PBXSourcesBuildPhase section */
		33D2DF571D333CAD00783452 /* Sources */ = {
			isa = PBXSourcesBuildPhase;
			buildActionMask = 2147483647;
			files = (
				33D2DF611D333CAD00783452 /* ViewController.swift in Sources */,
				33D2DF5F1D333CAD00783452 /* AppDelegate.swift in Sources */,
			);
			runOnlyForDeploymentPostprocessing = 0;
		};
/* End PBXSourcesBuildPhase section */

/* Begin PBXVariantGroup section */
		33D2DF641D333CAD00783452 /* Main.storyboard */ = {
			isa = PBXVariantGroup;
			children = (
				33D2DF651D333CAD00783452 /* Base */,
			);
			name = Main.storyboard;
			sourceTree = "<group>";
		};
/* End PBXVariantGroup section */

/* Begin XCBuildConfiguration section */
		33D2DF681D333CAD00783452 /* Debug */ = {
			isa = XCBuildConfiguration;
			buildSettings = {
				ALWAYS_SEARCH_USER_PATHS = NO;
				CLANG_ANALYZER_NONNULL = YES;
				CLANG_CXX_LANGUAGE_STANDARD = "gnu++0x";
				CLANG_CXX_LIBRARY = "libc++";
				CLANG_ENABLE_MODULES = YES;
				CLANG_ENABLE_OBJC_ARC = YES;
				CLANG_WARN_BOOL_CONVERSION = YES;
				CLANG_WARN_CONSTANT_CONVERSION = YES;
				CLANG_WARN_DIRECT_OBJC_ISA_USAGE = YES_ERROR;
				CLANG_WARN_EMPTY_BODY = YES;
				CLANG_WARN_ENUM_CONVERSION = YES;
				CLANG_WARN_INT_CONVERSION = YES;
				CLANG_WARN_OBJC_ROOT_CLASS = YES_ERROR;
				CLANG_WARN_UNREACHABLE_CODE = YES;
				CLANG_WARN__DUPLICATE_METHOD_MATCH = YES;
				CODE_SIGN_IDENTITY = "-";
				COPY_PHASE_STRIP = NO;
				DEBUG_INFORMATION_FORMAT = dwarf;
				ENABLE_STRICT_OBJC_MSGSEND = YES;
				ENABLE_TESTABILITY = YES;
				GCC_C_LANGUAGE_STANDARD = gnu99;
				GCC_DYNAMIC_NO_PIC = NO;
				GCC_NO_COMMON_BLOCKS = YES;
				GCC_OPTIMIZATION_LEVEL = 0;
				GCC_PREPROCESSOR_DEFINITIONS = (
					"DEBUG=1",
					"$(inherited)",
				);
				GCC_WARN_64_TO_32_BIT_CONVERSION = YES;
				GCC_WARN_ABOUT_RETURN_TYPE = YES_ERROR;
				GCC_WARN_UNDECLARED_SELECTOR = YES;
				GCC_WARN_UNINITIALIZED_AUTOS = YES_AGGRESSIVE;
				GCC_WARN_UNUSED_FUNCTION = YES;
				GCC_WARN_UNUSED_VARIABLE = YES;
				MACOSX_DEPLOYMENT_TARGET = 10.11;
				MTL_ENABLE_DEBUG_INFO = YES;
				ONLY_ACTIVE_ARCH = YES;
				SDKROOT = macosx;
				SWIFT_OPTIMIZATION_LEVEL = "-Onone";
			};
			name = Debug;
		};
		33D2DF691D333CAD00783452 /* Release */ = {
			isa = XCBuildConfiguration;
			buildSettings = {
				ALWAYS_SEARCH_USER_PATHS = NO;
				CLANG_ANALYZER_NONNULL = YES;
				CLANG_CXX_LANGUAGE_STANDARD = "gnu++0x";
				CLANG_CXX_LIBRARY = "libc++";
				CLANG_ENABLE_MODULES = YES;
				CLANG_ENABLE_OBJC_ARC = YES;
				CLANG_WARN_BOOL_CONVERSION = YES;
				CLANG_WARN_CONSTANT_CONVERSION = YES;
				CLANG_WARN_DIRECT_OBJC_ISA_USAGE = YES_ERROR;
				CLANG_WARN_EMPTY_BODY = YES;
				CLANG_WARN_ENUM_CONVERSION = YES;
				CLANG_WARN_INT_CONVERSION = YES;
				CLANG_WARN_OBJC_ROOT_CLASS = YES_ERROR;
				CLANG_WARN_UNREACHABLE_CODE = YES;
				CLANG_WARN__DUPLICATE_METHOD_MATCH = YES;
				CODE_SIGN_IDENTITY = "-";
				COPY_PHASE_STRIP = NO;
				DEBUG_INFORMATION_FORMAT = "dwarf-with-dsym";
				ENABLE_NS_ASSERTIONS = NO;
				ENABLE_STRICT_OBJC_MSGSEND = YES;
				GCC_C_LANGUAGE_STANDARD = gnu99;
				GCC_NO_COMMON_BLOCKS = YES;
				GCC_WARN_64_TO_32_BIT_CONVERSION = YES;
				GCC_WARN_ABOUT_RETURN_TYPE = YES_ERROR;
				GCC_WARN_UNDECLARED_SELECTOR = YES;
				GCC_WARN_UNINITIALIZED_AUTOS = YES_AGGRESSIVE;
				GCC_WARN_UNUSED_FUNCTION = YES;
				GCC_WARN_UNUSED_VARIABLE = YES;
				MACOSX_DEPLOYMENT_TARGET = 10.11;
				MTL_ENABLE_DEBUG_INFO = NO;
				SDKROOT = macosx;
			};
			name = Release;
		};
		33D2DF6B1D333CAD00783452 /* Debug */ = {
			isa = XCBuildConfiguration;
			buildSettings = {
				ASSETCATALOG_COMPILER_APPICON_NAME = AppIcon;
				COMBINE_HIDPI_IMAGES = YES;
				INFOPLIST_FILE = UsbBootIn/Info.plist;
				LD_RUNPATH_SEARCH_PATHS = "$(inherited) @executable_path/../Frameworks";
				MACOSX_DEPLOYMENT_TARGET = 10.10;
				PRODUCT_BUNDLE_IDENTIFIER = com.Xer0Apps.UsbBootIn;
				PRODUCT_NAME = "$(TARGET_NAME)";
			};
			name = Debug;
		};
		33D2DF6C1D333CAD00783452 /* Release */ = {
			isa = XCBuildConfiguration;
			buildSettings = {
				ASSETCATALOG_COMPILER_APPICON_NAME = AppIcon;
				COMBINE_HIDPI_IMAGES = YES;
				INFOPLIST_FILE = UsbBootIn/Info.plist;
				LD_RUNPATH_SEARCH_PATHS = "$(inherited) @executable_path/../Frameworks";
				MACOSX_DEPLOYMENT_TARGET = 10.10;
				PRODUCT_BUNDLE_IDENTIFIER = com.Xer0Apps.UsbBootIn;
				PRODUCT_NAME = "$(TARGET_NAME)";
			};
			name = Release;
		};
/* End XCBuildConfiguration section */

/* Begin XCConfigurationList section */
		33D2DF561D333CAD00783452 /* Build configuration list for PBXProject "UsbBootIn" */ = {
			isa = XCConfigurationList;
			buildConfigurations = (
				33D2DF681D333CAD00783452 /* Debug */,
				33D2DF691D333CAD00783452 /* Release */,
			);
			defaultConfigurationIsVisible = 0;
			defaultConfigurationName = Release;
		};
		33D2DF6A1D333CAD00783452 /* Build configuration list for PBXNativeTarget "UsbBootIn" */ = {
			isa = XCConfigurationList;
			buildConfigurations = (
				33D2DF6B1D333CAD00783452 /* Debug */,
				33D2DF6C1D333CAD00783452 /* Release */,
			);
			defaultConfigurationIsVisible = 0;
		};
/* End XCConfigurationList section */
	};
	rootObject = 33D2DF531D333CAD00783452 /* Project object */;
}
